
Microsoft Visual Studio Solution File, Format Version 12.00
# Visual Studio 15
VisualStudioVersion = 15.0.27130.2010
MinimumVisualStudioVersion = 10.0.40219.1
Project("{FAE04EC0-301F-11D3-BF4B-00C04F79EFBC}") = "Mover", "Mover\Mover.csproj", "{991C55E2-0E89-4EFE-8FBC-C67C5D1DEBBB}"
EndProject
Project("{FAE04EC0-301F-11D3-BF4B-00C04F79EFBC}") = "Shortcutter", "Shortcutter\Shortcutter.csproj", "{F903ED32-BA0A-4945-B12C-FAB225BC60A0}"
EndProject
Global
	GlobalSection(SolutionConfigurationPlatforms) = preSolution
		Debug|Any CPU = Debug|Any CPU
		Release|Any CPU = Release|Any CPU
	EndGlobalSection
	GlobalSection(ProjectConfigurationPlatforms) = postSolution
		{991C55E2-0E89-4EFE-8FBC-C67C5D1DEBBB}.Debug|Any CPU.ActiveCfg = Debug|Any CPU
		{991C55E2-0E89-4EFE-8FBC-C67C5D1DEBBB}.Debug|Any CPU.Build.0 = Debug|Any CPU
		{991C55E2-0E89-4EFE-8FBC-C67C5D1DEBBB}.Release|Any CPU.ActiveCfg = Release|Any CPU
		{991C55E2-0E89-4EFE-8FBC-C67C5D1DEBBB}.Release|Any CPU.Build.0 = Release|Any CPU
		{F903ED32-BA0A-4945-B12C-FAB225BC60A0}.Debug|Any CPU.ActiveCfg = Debug|Any CPU
		{F903ED32-BA0A-4945-B12C-FAB225BC60A0}.Debug|Any CPU.Build.0 = Debug|Any CPU
		{F903ED32-BA0A-4945-B12C-FAB225BC60A0}.Release|Any CPU.ActiveCfg = Release|Any CPU
		{F903ED32-BA0A-4945-B12C-FAB225BC60A0}.Release|Any CPU.Build.0 = Release|Any CPU
	EndGlobalSection
	GlobalSection(SolutionProperties) = preSolution
		HideSolutionNode = FALSE
	EndGlobalSection
	GlobalSection(ExtensibilityGlobals) = postSolution
		SolutionGuid = {476B610B-1498-4417-902B-2BD01F736047}
	EndGlobalSection
EndGlobal
